// !$*UTF8*$!
{
	archiveVersion = 1;
	classes = {
	};
	objectVersion = 46;
	objects = {

/* Begin PBXBuildFile section */
		151B5BD61C155780009E3B2F /* AppDelegate.swift in Sources */ = {isa = PBXBuildFile; fileRef = 151B5BD51C155780009E3B2F /* AppDelegate.swift */; };
		151B5BD81C155780009E3B2F /* ViewController.swift in Sources */ = {isa = PBXBuildFile; fileRef = 151B5BD71C155780009E3B2F /* ViewController.swift */; };
		151B5BDB1C155780009E3B2F /* Main.storyboard in Resources */ = {isa = PBXBuildFile; fileRef = 151B5BD91C155780009E3B2F /* Main.storyboard */; };
		151B5BDE1C155780009E3B2F /* SwiftRestApiClasses.xcdatamodeld in Sources */ = {isa = PBXBuildFile; fileRef = 151B5BDC1C155780009E3B2F /* SwiftRestApiClasses.xcdatamodeld */; };
		151B5BE01C155780009E3B2F /* Assets.xcassets in Resources */ = {isa = PBXBuildFile; fileRef = 151B5BDF1C155780009E3B2F /* Assets.xcassets */; };
		151B5BE31C155780009E3B2F /* LaunchScreen.storyboard in Resources */ = {isa = PBXBuildFile; fileRef = 151B5BE11C155780009E3B2F /* LaunchScreen.storyboard */; };
		151B5BEE1C155780009E3B2F /* SwiftRestApiClassesTests.swift in Sources */ = {isa = PBXBuildFile; fileRef = 151B5BED1C155780009E3B2F /* SwiftRestApiClassesTests.swift */; };
		151B5BF91C155780009E3B2F /* SwiftRestApiClassesUITests.swift in Sources */ = {isa = PBXBuildFile; fileRef = 151B5BF81C155780009E3B2F /* SwiftRestApiClassesUITests.swift */; };
/* End PBXBuildFile section */

/* Begin PBXContainerItemProxy section */
		151B5BEA1C155780009E3B2F /* PBXContainerItemProxy */ = {
			isa = PBXContainerItemProxy;
			containerPortal = 151B5BCA1C155780009E3B2F /* Project object */;
			proxyType = 1;
			remoteGlobalIDString = 151B5BD11C155780009E3B2F;
			remoteInfo = SwiftRestApiClasses;
		};
		151B5BF51C155780009E3B2F /* PBXContainerItemProxy */ = {
			isa = PBXContainerItemProxy;
			containerPortal = 151B5BCA1C155780009E3B2F /* Project object */;
			proxyType = 1;
			remoteGlobalIDString = 151B5BD11C155780009E3B2F;
			remoteInfo = SwiftRestApiClasses;
		};
/* End PBXContainerItemProxy section */

/* Begin PBXFileReference section */
		151B5BD21C155780009E3B2F /* SwiftRestApiClasses.app */ = {isa = PBXFileReference; explicitFileType = wrapper.application; includeInIndex = 0; path = SwiftRestApiClasses.app; sourceTree = BUILT_PRODUCTS_DIR; };
		151B5BD51C155780009E3B2F /* AppDelegate.swift */ = {isa = PBXFileReference; lastKnownFileType = sourcecode.swift; path = AppDelegate.swift; sourceTree = "<group>"; };
		151B5BD71C155780009E3B2F /* ViewController.swift */ = {isa = PBXFileReference; lastKnownFileType = sourcecode.swift; path = ViewController.swift; sourceTree = "<group>"; };
		151B5BDA1C155780009E3B2F /* Base */ = {isa = PBXFileReference; lastKnownFileType = file.storyboard; name = Base; path = Base.lproj/Main.storyboard; sourceTree = "<group>"; };
		151B5BDD1C155780009E3B2F /* SwiftRestApiClasses.xcdatamodel */ = {isa = PBXFileReference; lastKnownFileType = wrapper.xcdatamodel; path = SwiftRestApiClasses.xcdatamodel; sourceTree = "<group>"; };
		151B5BDF1C155780009E3B2F /* Assets.xcassets */ = {isa = PBXFileReference; lastKnownFileType = folder.assetcatalog; path = Assets.xcassets; sourceTree = "<group>"; };
		151B5BE21C155780009E3B2F /* Base */ = {isa = PBXFileReference; lastKnownFileType = file.storyboard; name = Base; path = Base.lproj/LaunchScreen.storyboard; sourceTree = "<group>"; };
		151B5BE41C155780009E3B2F /* Info.plist */ = {isa = PBXFileReference; lastKnownFileType = text.plist.xml; path = Info.plist; sourceTree = "<group>"; };
		151B5BE91C155780009E3B2F /* SwiftRestApiClassesTests.xctest */ = {isa = PBXFileReference; explicitFileType = wrapper.cfbundle; includeInIndex = 0; path = SwiftRestApiClassesTests.xctest; sourceTree = BUILT_PRODUCTS_DIR; };
		151B5BED1C155780009E3B2F /* SwiftRestApiClassesTests.swift */ = {isa = PBXFileReference; lastKnownFileType = sourcecode.swift; path = SwiftRestApiClassesTests.swift; sourceTree = "<group>"; };
		151B5BEF1C155780009E3B2F /* Info.plist */ = {isa = PBXFileReference; lastKnownFileType = text.plist.xml; path = Info.plist; sourceTree = "<group>"; };
		151B5BF41C155780009E3B2F /* SwiftRestApiClassesUITests.xctest */ = {isa = PBXFileReference; explicitFileType = wrapper.cfbundle; includeInIndex = 0; path = SwiftRestApiClassesUITests.xctest; sourceTree = BUILT_PRODUCTS_DIR; };
		151B5BF81C155780009E3B2F /* SwiftRestApiClassesUITests.swift */ = {isa = PBXFileReference; lastKnownFileType = sourcecode.swift; path = SwiftRestApiClassesUITests.swift; sourceTree = "<group>"; };
		151B5BFA1C155780009E3B2F /* Info.plist */ = {isa = PBXFileReference; lastKnownFileType = text.plist.xml; path = Info.plist; sourceTree = "<group>"; };
/* End PBXFileReference section */

/* Begin PBXFrameworksBuildPhase section */
		151B5BCF1C155780009E3B2F /* Frameworks */ = {
			isa = PBXFrameworksBuildPhase;
			buildActionMask = 2147483647;
			files = (
			);
			runOnlyForDeploymentPostprocessing = 0;
		};
		151B5BE61C155780009E3B2F /* Frameworks */ = {
			isa = PBXFrameworksBuildPhase;
			buildActionMask = 2147483647;
			files = (
			);
			runOnlyForDeploymentPostprocessing = 0;
		};
		151B5BF11C155780009E3B2F /* Frameworks */ = {
			isa = PBXFrameworksBuildPhase;
			buildActionMask = 2147483647;
			files = (
			);
			runOnlyForDeploymentPostprocessing = 0;
		};
/* End PBXFrameworksBuildPhase section */

/* Begin PBXGroup section */
		151B5BC91C155780009E3B2F = {
			isa = PBXGroup;
			children = (
				151B5BD41C155780009E3B2F /* SwiftRestApiClasses */,
				151B5BEC1C155780009E3B2F /* SwiftRestApiClassesTests */,
				151B5BF71C155780009E3B2F /* SwiftRestApiClassesUITests */,
				151B5BD31C155780009E3B2F /* Products */,
			);
			sourceTree = "<group>";
		};
		151B5BD31C155780009E3B2F /* Products */ = {
			isa = PBXGroup;
			children = (
				151B5BD21C155780009E3B2F /* SwiftRestApiClasses.app */,
				151B5BE91C155780009E3B2F /* SwiftRestApiClassesTests.xctest */,
				151B5BF41C155780009E3B2F /* SwiftRestApiClassesUITests.xctest */,
			);
			name = Products;
			sourceTree = "<group>";
		};
		151B5BD41C155780009E3B2F /* SwiftRestApiClasses */ = {
			isa = PBXGroup;
			children = (
				151B5BD51C155780009E3B2F /* AppDelegate.swift */,
				151B5BD71C155780009E3B2F /* ViewController.swift */,
				151B5BD91C155780009E3B2F /* Main.storyboard */,
				151B5BDF1C155780009E3B2F /* Assets.xcassets */,
				151B5BE11C155780009E3B2F /* LaunchScreen.storyboard */,
				151B5BE41C155780009E3B2F /* Info.plist */,
				151B5BDC1C155780009E3B2F /* SwiftRestApiClasses.xcdatamodeld */,
			);
			path = SwiftRestApiClasses;
			sourceTree = "<group>";
		};
		151B5BEC1C155780009E3B2F /* SwiftRestApiClassesTests */ = {
			isa = PBXGroup;
			children = (
				151B5BED1C155780009E3B2F /* SwiftRestApiClassesTests.swift */,
				151B5BEF1C155780009E3B2F /* Info.plist */,
			);
			path = SwiftRestApiClassesTests;
			sourceTree = "<group>";
		};
		151B5BF71C155780009E3B2F /* SwiftRestApiClassesUITests */ = {
			isa = PBXGroup;
			children = (
				151B5BF81C155780009E3B2F /* SwiftRestApiClassesUITests.swift */,
				151B5BFA1C155780009E3B2F /* Info.plist */,
			);
			path = SwiftRestApiClassesUITests;
			sourceTree = "<group>";
		};
/* End PBXGroup section */

/* Begin PBXNativeTarget section */
		151B5BD11C155780009E3B2F /* SwiftRestApiClasses */ = {
			isa = PBXNativeTarget;
			buildConfigurationList = 151B5BFD1C155780009E3B2F /* Build configuration list for PBXNativeTarget "SwiftRestApiClasses" */;
			buildPhases = (
				151B5BCE1C155780009E3B2F /* Sources */,
				151B5BCF1C155780009E3B2F /* Frameworks */,
				151B5BD01C155780009E3B2F /* Resources */,
			);
			buildRules = (
			);
			dependencies = (
			);
			name = SwiftRestApiClasses;
			productName = SwiftRestApiClasses;
			productReference = 151B5BD21C155780009E3B2F /* SwiftRestApiClasses.app */;
			productType = "com.apple.product-type.application";
		};
		151B5BE81C155780009E3B2F /* SwiftRestApiClassesTests */ = {
			isa = PBXNativeTarget;
			buildConfigurationList = 151B5C001C155780009E3B2F /* Build configuration list for PBXNativeTarget "SwiftRestApiClassesTests" */;
			buildPhases = (
				151B5BE51C155780009E3B2F /* Sources */,
				151B5BE61C155780009E3B2F /* Frameworks */,
				151B5BE71C155780009E3B2F /* Resources */,
			);
			buildRules = (
			);
			dependencies = (
				151B5BEB1C155780009E3B2F /* PBXTargetDependency */,
			);
			name = SwiftRestApiClassesTests;
			productName = SwiftRestApiClassesTests;
			productReference = 151B5BE91C155780009E3B2F /* SwiftRestApiClassesTests.xctest */;
			productType = "com.apple.product-type.bundle.unit-test";
		};
		151B5BF31C155780009E3B2F /* SwiftRestApiClassesUITests */ = {
			isa = PBXNativeTarget;
			buildConfigurationList = 151B5C031C155780009E3B2F /* Build configuration list for PBXNativeTarget "SwiftRestApiClassesUITests" */;
			buildPhases = (
				151B5BF01C155780009E3B2F /* Sources */,
				151B5BF11C155780009E3B2F /* Frameworks */,
				151B5BF21C155780009E3B2F /* Resources */,
			);
			buildRules = (
			);
			dependencies = (
				151B5BF61C155780009E3B2F /* PBXTargetDependency */,
			);
			name = SwiftRestApiClassesUITests;
			productName = SwiftRestApiClassesUITests;
			productReference = 151B5BF41C155780009E3B2F /* SwiftRestApiClassesUITests.xctest */;
			productType = "com.apple.product-type.bundle.ui-testing";
		};
/* End PBXNativeTarget section */

/* Begin PBXProject section */
		151B5BCA1C155780009E3B2F /* Project object */ = {
			isa = PBXProject;
			attributes = {
				LastSwiftUpdateCheck = 0710;
				LastUpgradeCheck = 0710;
				ORGANIZATIONNAME = "Sugam Kalra";
				TargetAttributes = {
					151B5BD11C155780009E3B2F = {
						CreatedOnToolsVersion = 7.1.1;
					};
					151B5BE81C155780009E3B2F = {
						CreatedOnToolsVersion = 7.1.1;
						TestTargetID = 151B5BD11C155780009E3B2F;
					};
					151B5BF31C155780009E3B2F = {
						CreatedOnToolsVersion = 7.1.1;
						TestTargetID = 151B5BD11C155780009E3B2F;
					};
				};
			};
			buildConfigurationList = 151B5BCD1C155780009E3B2F /* Build configuration list for PBXProject "SwiftRestApiClasses" */;
			compatibilityVersion = "Xcode 3.2";
			developmentRegion = English;
			hasScannedForEncodings = 0;
			knownRegions = (
				en,
				Base,
			);
			mainGroup = 151B5BC91C155780009E3B2F;
			productRefGroup = 151B5BD31C155780009E3B2F /* Products */;
			projectDirPath = "";
			projectRoot = "";
			targets = (
				151B5BD11C155780009E3B2F /* SwiftRestApiClasses */,
				151B5BE81C155780009E3B2F /* SwiftRestApiClassesTests */,
				151B5BF31C155780009E3B2F /* SwiftRestApiClassesUITests */,
			);
		};
/* End PBXProject section */

/* Begin PBXResourcesBuildPhase section */
		151B5BD01C155780009E3B2F /* Resources */ = {
			isa = PBXResourcesBuildPhase;
			buildActionMask = 2147483647;
			files = (
				151B5BE31C155780009E3B2F /* LaunchScreen.storyboard in Resources */,
				151B5BE01C155780009E3B2F /* Assets.xcassets in Resources */,
				151B5BDB1C155780009E3B2F /* Main.storyboard in Resources */,
			);
			runOnlyForDeploymentPostprocessing = 0;
		};
		151B5BE71C155780009E3B2F /* Resources */ = {
			isa = PBXResourcesBuildPhase;
			buildActionMask = 2147483647;
			files = (
			);
			runOnlyForDeploymentPostprocessing = 0;
		};
		151B5BF21C155780009E3B2F /* Resources */ = {
			isa = PBXResourcesBuildPhase;
			buildActionMask = 2147483647;
			files = (
			);
			runOnlyForDeploymentPostprocessing = 0;
		};
/* End PBXResourcesBuildPhase section */

/* Begin PBXSourcesBuildPhase section */
		151B5BCE1C155780009E3B2F /* Sources */ = {
			isa = PBXSourcesBuildPhase;
			buildActionMask = 2147483647;
			files = (
				151B5BDE1C155780009E3B2F /* SwiftRestApiClasses.xcdatamodeld in Sources */,
				151B5BD81C155780009E3B2F /* ViewController.swift in Sources */,
				151B5BD61C155780009E3B2F /* AppDelegate.swift in Sources */,
			);
			runOnlyForDeploymentPostprocessing = 0;
		};
		151B5BE51C155780009E3B2F /* Sources */ = {
			isa = PBXSourcesBuildPhase;
			buildActionMask = 2147483647;
			files = (
				151B5BEE1C155780009E3B2F /* SwiftRestApiClassesTests.swift in Sources */,
			);
			runOnlyForDeploymentPostprocessing = 0;
		};
		151B5BF01C155780009E3B2F /* Sources */ = {
			isa = PBXSourcesBuildPhase;
			buildActionMask = 2147483647;
			files = (
				151B5BF91C155780009E3B2F /* SwiftRestApiClassesUITests.swift in Sources */,
			);
			runOnlyForDeploymentPostprocessing = 0;
		};
/* End PBXSourcesBuildPhase section */

/* Begin PBXTargetDependency section */
		151B5BEB1C155780009E3B2F /* PBXTargetDependency */ = {
			isa = PBXTargetDependency;
			target = 151B5BD11C155780009E3B2F /* SwiftRestApiClasses */;
			targetProxy = 151B5BEA1C155780009E3B2F /* PBXContainerItemProxy */;
		};
		151B5BF61C155780009E3B2F /* PBXTargetDependency */ = {
			isa = PBXTargetDependency;
			target = 151B5BD11C155780009E3B2F /* SwiftRestApiClasses */;
			targetProxy = 151B5BF51C155780009E3B2F /* PBXContainerItemProxy */;
		};
/* End PBXTargetDependency section */

/* Begin PBXVariantGroup section */
		151B5BD91C155780009E3B2F /* Main.storyboard */ = {
			isa = PBXVariantGroup;
			children = (
				151B5BDA1C155780009E3B2F /* Base */,
			);
			name = Main.storyboard;
			sourceTree = "<group>";
		};
		151B5BE11C155780009E3B2F /* LaunchScreen.storyboard */ = {
			isa = PBXVariantGroup;
			children = (
				151B5BE21C155780009E3B2F /* Base */,
			);
			name = LaunchScreen.storyboard;
			sourceTree = "<group>";
		};
/* End PBXVariantGroup section */

/* Begin XCBuildConfiguration section */
		151B5BFB1C155780009E3B2F /* Debug */ = {
			isa = XCBuildConfiguration;
			buildSettings = {
				ALWAYS_SEARCH_USER_PATHS = NO;
				CLANG_CXX_LANGUAGE_STANDARD = "gnu++0x";
				CLANG_CXX_LIBRARY = "libc++";
				CLANG_ENABLE_MODULES = YES;
				CLANG_ENABLE_OBJC_ARC = YES;
				CLANG_WARN_BOOL_CONVERSION = YES;
				CLANG_WARN_CONSTANT_CONVERSION = YES;
				CLANG_WARN_DIRECT_OBJC_ISA_USAGE = YES_ERROR;
				CLANG_WARN_EMPTY_BODY = YES;
				CLANG_WARN_ENUM_CONVERSION = YES;
				CLANG_WARN_INT_CONVERSION = YES;
				CLANG_WARN_OBJC_ROOT_CLASS = YES_ERROR;
				CLANG_WARN_UNREACHABLE_CODE = YES;
				CLANG_WARN__DUPLICATE_METHOD_MATCH = YES;
				"CODE_SIGN_IDENTITY[sdk=iphoneos*]" = "iPhone Developer";
				COPY_PHASE_STRIP = NO;
				DEBUG_INFORMATION_FORMAT = dwarf;
				ENABLE_STRICT_OBJC_MSGSEND = YES;
				ENABLE_TESTABILITY = YES;
				GCC_C_LANGUAGE_STANDARD = gnu99;
				GCC_DYNAMIC_NO_PIC = NO;
				GCC_NO_COMMON_BLOCKS = YES;
				GCC_OPTIMIZATION_LEVEL = 0;
				GCC_PREPROCESSOR_DEFINITIONS = (
					"DEBUG=1",
					"$(inherited)",
				);
				GCC_WARN_64_TO_32_BIT_CONVERSION = YES;
				GCC_WARN_ABOUT_RETURN_TYPE = YES_ERROR;
				GCC_WARN_UNDECLARED_SELECTOR = YES;
				GCC_WARN_UNINITIALIZED_AUTOS = YES_AGGRESSIVE;
				GCC_WARN_UNUSED_FUNCTION = YES;
				GCC_WARN_UNUSED_VARIABLE = YES;
				IPHONEOS_DEPLOYMENT_TARGET = 9.1;
				MTL_ENABLE_DEBUG_INFO = YES;
				ONLY_ACTIVE_ARCH = YES;
				SDKROOT = iphoneos;
				SWIFT_OPTIMIZATION_LEVEL = "-Onone";
			};
			name = Debug;
		};
		151B5BFC1C155780009E3B2F /* Release */ = {
			isa = XCBuildConfiguration;
			buildSettings = {
				ALWAYS_SEARCH_USER_PATHS = NO;
				CLANG_CXX_LANGUAGE_STANDARD = "gnu++0x";
				CLANG_CXX_LIBRARY = "libc++";
				CLANG_ENABLE_MODULES = YES;
				CLANG_ENABLE_OBJC_ARC = YES;
				CLANG_WARN_BOOL_CONVERSION = YES;
				CLANG_WARN_CONSTANT_CONVERSION = YES;
				CLANG_WARN_DIRECT_OBJC_ISA_USAGE = YES_ERROR;
				CLANG_WARN_EMPTY_BODY = YES;
				CLANG_WARN_ENUM_CONVERSION = YES;
				CLANG_WARN_INT_CONVERSION = YES;
				CLANG_WARN_OBJC_ROOT_CLASS = YES_ERROR;
				CLANG_WARN_UNREACHABLE_CODE = YES;
				CLANG_WARN__DUPLICATE_METHOD_MATCH = YES;
				"CODE_SIGN_IDENTITY[sdk=iphoneos*]" = "iPhone Developer";
				COPY_PHASE_STRIP = NO;
				DEBUG_INFORMATION_FORMAT = "dwarf-with-dsym";
				ENABLE_NS_ASSERTIONS = NO;
				ENABLE_STRICT_OBJC_MSGSEND = YES;
				GCC_C_LANGUAGE_STANDARD = gnu99;
				GCC_NO_COMMON_BLOCKS = YES;
				GCC_WARN_64_TO_32_BIT_CONVERSION = YES;
				GCC_WARN_ABOUT_RETURN_TYPE = YES_ERROR;
				GCC_WARN_UNDECLARED_SELECTOR = YES;
				GCC_WARN_UNINITIALIZED_AUTOS = YES_AGGRESSIVE;
				GCC_WARN_UNUSED_FUNCTION = YES;
				GCC_WARN_UNUSED_VARIABLE = YES;
				IPHONEOS_DEPLOYMENT_TARGET = 9.1;
				MTL_ENABLE_DEBUG_INFO = NO;
				SDKROOT = iphoneos;
				VALIDATE_PRODUCT = YES;
			};
			name = Release;
		};
		151B5BFE1C155780009E3B2F /* Debug */ = {
			isa = XCBuildConfiguration;
			buildSettings = {
				ASSETCATALOG_COMPILER_APPICON_NAME = AppIcon;
				INFOPLIST_FILE = SwiftRestApiClasses/Info.plist;
				LD_RUNPATH_SEARCH_PATHS = "$(inherited) @executable_path/Frameworks";
				PRODUCT_BUNDLE_IDENTIFIER = com.Appirio.SwiftRestApiClasses;
				PRODUCT_NAME = "$(TARGET_NAME)";
			};
			name = Debug;
		};
		151B5BFF1C155780009E3B2F /* Release */ = {
			isa = XCBuildConfiguration;
			buildSettings = {
				ASSETCATALOG_COMPILER_APPICON_NAME = AppIcon;
				INFOPLIST_FILE = SwiftRestApiClasses/Info.plist;
				LD_RUNPATH_SEARCH_PATHS = "$(inherited) @executable_path/Frameworks";
				PRODUCT_BUNDLE_IDENTIFIER = com.Appirio.SwiftRestApiClasses;
				PRODUCT_NAME = "$(TARGET_NAME)";
			};
			name = Release;
		};
		151B5C011C155780009E3B2F /* Debug */ = {
			isa = XCBuildConfiguration;
			buildSettings = {
				BUNDLE_LOADER = "$(TEST_HOST)";
				INFOPLIST_FILE = SwiftRestApiClassesTests/Info.plist;
				LD_RUNPATH_SEARCH_PATHS = "$(inherited) @executable_path/Frameworks @loader_path/Frameworks";
				PRODUCT_BUNDLE_IDENTIFIER = com.Appirio.SwiftRestApiClassesTests;
				PRODUCT_NAME = "$(TARGET_NAME)";
				TEST_HOST = "$(BUILT_PRODUCTS_DIR)/SwiftRestApiClasses.app/SwiftRestApiClasses";
			};
			name = Debug;
		};
		151B5C021C155780009E3B2F /* Release */ = {
			isa = XCBuildConfiguration;
			buildSettings = {
				BUNDLE_LOADER = "$(TEST_HOST)";
				INFOPLIST_FILE = SwiftRestApiClassesTests/Info.plist;
				LD_RUNPATH_SEARCH_PATHS = "$(inherited) @executable_path/Frameworks @loader_path/Frameworks";
				PRODUCT_BUNDLE_IDENTIFIER = com.Appirio.SwiftRestApiClassesTests;
				PRODUCT_NAME = "$(TARGET_NAME)";
				TEST_HOST = "$(BUILT_PRODUCTS_DIR)/SwiftRestApiClasses.app/SwiftRestApiClasses";
			};
			name = Release;
		};
		151B5C041C155780009E3B2F /* Debug */ = {
			isa = XCBuildConfiguration;
			buildSettings = {
				INFOPLIST_FILE = SwiftRestApiClassesUITests/Info.plist;
				LD_RUNPATH_SEARCH_PATHS = "$(inherited) @executable_path/Frameworks @loader_path/Frameworks";
				PRODUCT_BUNDLE_IDENTIFIER = com.Appirio.SwiftRestApiClassesUITests;
				PRODUCT_NAME = "$(TARGET_NAME)";
				TEST_TARGET_NAME = SwiftRestApiClasses;
				USES_XCTRUNNER = YES;
			};
			name = Debug;
		};
		151B5C051C155780009E3B2F /* Release */ = {
			isa = XCBuildConfiguration;
			buildSettings = {
				INFOPLIST_FILE = SwiftRestApiClassesUITests/Info.plist;
				LD_RUNPATH_SEARCH_PATHS = "$(inherited) @executable_path/Frameworks @loader_path/Frameworks";
				PRODUCT_BUNDLE_IDENTIFIER = com.Appirio.SwiftRestApiClassesUITests;
				PRODUCT_NAME = "$(TARGET_NAME)";
				TEST_TARGET_NAME = SwiftRestApiClasses;
				USES_XCTRUNNER = YES;
			};
			name = Release;
		};
/* End XCBuildConfiguration section */

/* Begin XCConfigurationList section */
		151B5BCD1C155780009E3B2F /* Build configuration list for PBXProject "SwiftRestApiClasses" */ = {
			isa = XCConfigurationList;
			buildConfigurations = (
				151B5BFB1C155780009E3B2F /* Debug */,
				151B5BFC1C155780009E3B2F /* Release */,
			);
			defaultConfigurationIsVisible = 0;
			defaultConfigurationName = Release;
		};
		151B5BFD1C155780009E3B2F /* Build configuration list for PBXNativeTarget "SwiftRestApiClasses" */ = {
			isa = XCConfigurationList;
			buildConfigurations = (
				151B5BFE1C155780009E3B2F /* Debug */,
				151B5BFF1C155780009E3B2F /* Release */,
			);
			defaultConfigurationIsVisible = 0;
		};
		151B5C001C155780009E3B2F /* Build configuration list for PBXNativeTarget "SwiftRestApiClassesTests" */ = {
			isa = XCConfigurationList;
			buildConfigurations = (
				151B5C011C155780009E3B2F /* Debug */,
				151B5C021C155780009E3B2F /* Release */,
			);
			defaultConfigurationIsVisible = 0;
		};
		151B5C031C155780009E3B2F /* Build configuration list for PBXNativeTarget "SwiftRestApiClassesUITests" */ = {
			isa = XCConfigurationList;
			buildConfigurations = (
				151B5C041C155780009E3B2F /* Debug */,
				151B5C051C155780009E3B2F /* Release */,
			);
			defaultConfigurationIsVisible = 0;
		};
/* End XCConfigurationList section */

/* Begin XCVersionGroup section */
		151B5BDC1C155780009E3B2F /* SwiftRestApiClasses.xcdatamodeld */ = {
			isa = XCVersionGroup;
			children = (
				151B5BDD1C155780009E3B2F /* SwiftRestApiClasses.xcdatamodel */,
			);
			currentVersion = 151B5BDD1C155780009E3B2F /* SwiftRestApiClasses.xcdatamodel */;
			path = SwiftRestApiClasses.xcdatamodeld;
			sourceTree = "<group>";
			versionGroupType = wrapper.xcdatamodel;
		};
/* End XCVersionGroup section */
	};
	rootObject = 151B5BCA1C155780009E3B2F /* Project object */;
}
